// !$*UTF8*$!
{
	archiveVersion = 1;
	classes = {
	};
	objectVersion = 52;
	objects = {

/* Begin PBXBuildFile section */
		8D029B4C263E913E00D600DF /* Swinject in Frameworks */ = {isa = PBXBuildFile; productRef = 8D029B4B263E913E00D600DF /* Swinject */; };
		8D029B50263E916B00D600DF /* PropertyListInteractor.swift in Sources */ = {isa = PBXBuildFile; fileRef = 8D029B4F263E916B00D600DF /* PropertyListInteractor.swift */; };
		8D029B54263E91C400D600DF /* PropertyListPresenter.swift in Sources */ = {isa = PBXBuildFile; fileRef = 8D029B53263E91C400D600DF /* PropertyListPresenter.swift */; };
		8D029B58263E921800D600DF /* PropertyListBuilder.swift in Sources */ = {isa = PBXBuildFile; fileRef = 8D029B57263E921800D600DF /* PropertyListBuilder.swift */; };
		8D029B5C263E92A600D600DF /* PropertyListAssembly.swift in Sources */ = {isa = PBXBuildFile; fileRef = 8D029B5B263E92A600D600DF /* PropertyListAssembly.swift */; };
		8D029B61263E974600D600DF /* PropertySearchService.swift in Sources */ = {isa = PBXBuildFile; fileRef = 8D029B60263E974600D600DF /* PropertySearchService.swift */; };
		8D029B6A263E976900D600DF /* PropertySearchAssembly.swift in Sources */ = {isa = PBXBuildFile; fileRef = 8D029B69263E976900D600DF /* PropertySearchAssembly.swift */; };
		8D029B6E263E979300D600DF /* PropertySearchModels.swift in Sources */ = {isa = PBXBuildFile; fileRef = 8D029B6D263E979300D600DF /* PropertySearchModels.swift */; };
		8D029B72263E9B5600D600DF /* PropertySearch.json in Resources */ = {isa = PBXBuildFile; fileRef = 8D029B71263E9B5600D600DF /* PropertySearch.json */; };
		8D029B76263E9DBF00D600DF /* PropertyListModels.swift in Sources */ = {isa = PBXBuildFile; fileRef = 8D029B75263E9DBF00D600DF /* PropertyListModels.swift */; };
		8D029B7A263EA15E00D600DF /* URL+Extension.swift in Sources */ = {isa = PBXBuildFile; fileRef = 8D029B79263EA15E00D600DF /* URL+Extension.swift */; };
		8D097EDE263E708600DF27FA /* Assets.xcassets in Resources */ = {isa = PBXBuildFile; fileRef = 8D320EF3263E631F00B0E0E9 /* Assets.xcassets */; };
		8D097EE3263E725F00DF27FA /* CollectionCell.swift in Sources */ = {isa = PBXBuildFile; fileRef = 8D097EE2263E725F00DF27FA /* CollectionCell.swift */; };
		8D097EED263E75FC00DF27FA /* PropertyView.swift in Sources */ = {isa = PBXBuildFile; fileRef = 8D097EEC263E75FC00DF27FA /* PropertyView.swift */; };
		8D097EF4263E792D00DF27FA /* DesignText.swift in Sources */ = {isa = PBXBuildFile; fileRef = 8D097EF3263E792D00DF27FA /* DesignText.swift */; };
		8D097EF8263E79E700DF27FA /* UIKit+DesignText.swift in Sources */ = {isa = PBXBuildFile; fileRef = 8D097EF7263E79E700DF27FA /* UIKit+DesignText.swift */; };
		8D097EFD263E833C00DF27FA /* Array+Extension.swift in Sources */ = {isa = PBXBuildFile; fileRef = 8D097EFC263E833C00DF27FA /* Array+Extension.swift */; };
		8D097F07263E871500DF27FA /* MunicipalityView.swift in Sources */ = {isa = PBXBuildFile; fileRef = 8D097F06263E871500DF27FA /* MunicipalityView.swift */; };
		8D097F10263E8DC000DF27FA /* Kingfisher in Frameworks */ = {isa = PBXBuildFile; productRef = 8D097F0F263E8DC000DF27FA /* Kingfisher */; };
		8D320EEB263E631F00B0E0E9 /* AppDelegate.swift in Sources */ = {isa = PBXBuildFile; fileRef = 8D320EEA263E631F00B0E0E9 /* AppDelegate.swift */; };
		8D320EF4263E631F00B0E0E9 /* Assets.xcassets in Resources */ = {isa = PBXBuildFile; fileRef = 8D320EF3263E631F00B0E0E9 /* Assets.xcassets */; };
		8D320EF7263E631F00B0E0E9 /* LaunchScreen.storyboard in Resources */ = {isa = PBXBuildFile; fileRef = 8D320EF5263E631F00B0E0E9 /* LaunchScreen.storyboard */; };
		8D3BC301263E662B00691327 /* PropertyListViewController.swift in Sources */ = {isa = PBXBuildFile; fileRef = 8D3BC300263E662B00691327 /* PropertyListViewController.swift */; };
		8D3BC307263E69DC00691327 /* DesignColor.swift in Sources */ = {isa = PBXBuildFile; fileRef = 8D3BC306263E69DC00691327 /* DesignColor.swift */; };
		8D3BC30A263E6AD000691327 /* UIKit+DesignColor.swift in Sources */ = {isa = PBXBuildFile; fileRef = 8D3BC309263E6AD000691327 /* UIKit+DesignColor.swift */; };
		8D3BC314263E6F6100691327 /* DesignColorsUnitTests.swift in Sources */ = {isa = PBXBuildFile; fileRef = 8D3BC313263E6F6100691327 /* DesignColorsUnitTests.swift */; };
/* End PBXBuildFile section */

/* Begin PBXContainerItemProxy section */
		8D3BC316263E6F6100691327 /* PBXContainerItemProxy */ = {
			isa = PBXContainerItemProxy;
			containerPortal = 8D320EDF263E631F00B0E0E9 /* Project object */;
			proxyType = 1;
			remoteGlobalIDString = 8D320EE6263E631F00B0E0E9;
			remoteInfo = HouseMarket;
		};
/* End PBXContainerItemProxy section */

/* Begin PBXFileReference section */
		8D029B4F263E916B00D600DF /* PropertyListInteractor.swift */ = {isa = PBXFileReference; lastKnownFileType = sourcecode.swift; path = PropertyListInteractor.swift; sourceTree = "<group>"; };
		8D029B53263E91C400D600DF /* PropertyListPresenter.swift */ = {isa = PBXFileReference; lastKnownFileType = sourcecode.swift; path = PropertyListPresenter.swift; sourceTree = "<group>"; };
		8D029B57263E921800D600DF /* PropertyListBuilder.swift */ = {isa = PBXFileReference; lastKnownFileType = sourcecode.swift; path = PropertyListBuilder.swift; sourceTree = "<group>"; };
		8D029B5B263E92A600D600DF /* PropertyListAssembly.swift */ = {isa = PBXFileReference; lastKnownFileType = sourcecode.swift; path = PropertyListAssembly.swift; sourceTree = "<group>"; };
		8D029B60263E974600D600DF /* PropertySearchService.swift */ = {isa = PBXFileReference; lastKnownFileType = sourcecode.swift; path = PropertySearchService.swift; sourceTree = "<group>"; };
		8D029B69263E976900D600DF /* PropertySearchAssembly.swift */ = {isa = PBXFileReference; lastKnownFileType = sourcecode.swift; path = PropertySearchAssembly.swift; sourceTree = "<group>"; };
		8D029B6D263E979300D600DF /* PropertySearchModels.swift */ = {isa = PBXFileReference; lastKnownFileType = sourcecode.swift; path = PropertySearchModels.swift; sourceTree = "<group>"; };
		8D029B71263E9B5600D600DF /* PropertySearch.json */ = {isa = PBXFileReference; fileEncoding = 4; lastKnownFileType = text.json; path = PropertySearch.json; sourceTree = "<group>"; };
		8D029B75263E9DBF00D600DF /* PropertyListModels.swift */ = {isa = PBXFileReference; lastKnownFileType = sourcecode.swift; path = PropertyListModels.swift; sourceTree = "<group>"; };
		8D029B79263EA15E00D600DF /* URL+Extension.swift */ = {isa = PBXFileReference; lastKnownFileType = sourcecode.swift; path = "URL+Extension.swift"; sourceTree = "<group>"; };
		8D097EE2263E725F00DF27FA /* CollectionCell.swift */ = {isa = PBXFileReference; lastKnownFileType = sourcecode.swift; path = CollectionCell.swift; sourceTree = "<group>"; };
		8D097EEC263E75FC00DF27FA /* PropertyView.swift */ = {isa = PBXFileReference; lastKnownFileType = sourcecode.swift; path = PropertyView.swift; sourceTree = "<group>"; };
		8D097EF3263E792D00DF27FA /* DesignText.swift */ = {isa = PBXFileReference; lastKnownFileType = sourcecode.swift; path = DesignText.swift; sourceTree = "<group>"; };
		8D097EF7263E79E700DF27FA /* UIKit+DesignText.swift */ = {isa = PBXFileReference; lastKnownFileType = sourcecode.swift; path = "UIKit+DesignText.swift"; sourceTree = "<group>"; };
		8D097EFC263E833C00DF27FA /* Array+Extension.swift */ = {isa = PBXFileReference; lastKnownFileType = sourcecode.swift; path = "Array+Extension.swift"; sourceTree = "<group>"; };
		8D097F06263E871500DF27FA /* MunicipalityView.swift */ = {isa = PBXFileReference; lastKnownFileType = sourcecode.swift; path = MunicipalityView.swift; sourceTree = "<group>"; };
		8D320EE7263E631F00B0E0E9 /* HouseMarket.app */ = {isa = PBXFileReference; explicitFileType = wrapper.application; includeInIndex = 0; path = HouseMarket.app; sourceTree = BUILT_PRODUCTS_DIR; };
		8D320EEA263E631F00B0E0E9 /* AppDelegate.swift */ = {isa = PBXFileReference; lastKnownFileType = sourcecode.swift; path = AppDelegate.swift; sourceTree = "<group>"; };
		8D320EF3263E631F00B0E0E9 /* Assets.xcassets */ = {isa = PBXFileReference; lastKnownFileType = folder.assetcatalog; path = Assets.xcassets; sourceTree = "<group>"; };
		8D320EF6263E631F00B0E0E9 /* Base */ = {isa = PBXFileReference; lastKnownFileType = file.storyboard; name = Base; path = Base.lproj/LaunchScreen.storyboard; sourceTree = "<group>"; };
		8D320EF8263E631F00B0E0E9 /* Info.plist */ = {isa = PBXFileReference; lastKnownFileType = text.plist.xml; path = Info.plist; sourceTree = "<group>"; };
		8D3BC300263E662B00691327 /* PropertyListViewController.swift */ = {isa = PBXFileReference; lastKnownFileType = sourcecode.swift; path = PropertyListViewController.swift; sourceTree = "<group>"; };
		8D3BC306263E69DC00691327 /* DesignColor.swift */ = {isa = PBXFileReference; lastKnownFileType = sourcecode.swift; path = DesignColor.swift; sourceTree = "<group>"; };
		8D3BC309263E6AD000691327 /* UIKit+DesignColor.swift */ = {isa = PBXFileReference; lastKnownFileType = sourcecode.swift; path = "UIKit+DesignColor.swift"; sourceTree = "<group>"; };
		8D3BC311263E6F6100691327 /* HouseMarketUnitTests.xctest */ = {isa = PBXFileReference; explicitFileType = wrapper.cfbundle; includeInIndex = 0; path = HouseMarketUnitTests.xctest; sourceTree = BUILT_PRODUCTS_DIR; };
		8D3BC313263E6F6100691327 /* DesignColorsUnitTests.swift */ = {isa = PBXFileReference; lastKnownFileType = sourcecode.swift; path = DesignColorsUnitTests.swift; sourceTree = "<group>"; };
		8D3BC315263E6F6100691327 /* Info.plist */ = {isa = PBXFileReference; lastKnownFileType = text.plist.xml; path = Info.plist; sourceTree = "<group>"; };
/* End PBXFileReference section */

/* Begin PBXFrameworksBuildPhase section */
		8D320EE4263E631F00B0E0E9 /* Frameworks */ = {
			isa = PBXFrameworksBuildPhase;
			buildActionMask = 2147483647;
			files = (
				8D097F10263E8DC000DF27FA /* Kingfisher in Frameworks */,
				8D029B4C263E913E00D600DF /* Swinject in Frameworks */,
			);
			runOnlyForDeploymentPostprocessing = 0;
		};
		8D3BC30E263E6F6100691327 /* Frameworks */ = {
			isa = PBXFrameworksBuildPhase;
			buildActionMask = 2147483647;
			files = (
			);
			runOnlyForDeploymentPostprocessing = 0;
		};
/* End PBXFrameworksBuildPhase section */

/* Begin PBXGroup section */
		8D029B5F263E96C300D600DF /* Services */ = {
			isa = PBXGroup;
			children = (
				8D029B66263E975300D600DF /* PropertySearch */,
			);
			path = Services;
			sourceTree = "<group>";
		};
		8D029B66263E975300D600DF /* PropertySearch */ = {
			isa = PBXGroup;
			children = (
				8D029B71263E9B5600D600DF /* PropertySearch.json */,
				8D029B60263E974600D600DF /* PropertySearchService.swift */,
				8D029B69263E976900D600DF /* PropertySearchAssembly.swift */,
				8D029B6D263E979300D600DF /* PropertySearchModels.swift */,
			);
			path = PropertySearch;
			sourceTree = "<group>";
		};
		8D097EE1263E725200DF27FA /* Views */ = {
			isa = PBXGroup;
			children = (
				8D097EEC263E75FC00DF27FA /* PropertyView.swift */,
				8D097F06263E871500DF27FA /* MunicipalityView.swift */,
				8D097EE2263E725F00DF27FA /* CollectionCell.swift */,
			);
			path = Views;
			sourceTree = "<group>";
		};
		8D097EF2263E791200DF27FA /* Typography */ = {
			isa = PBXGroup;
			children = (
				8D097EF3263E792D00DF27FA /* DesignText.swift */,
				8D097EF7263E79E700DF27FA /* UIKit+DesignText.swift */,
			);
			path = Typography;
			sourceTree = "<group>";
		};
		8D097EFB263E832F00DF27FA /* Utils */ = {
			isa = PBXGroup;
			children = (
				8D097EFC263E833C00DF27FA /* Array+Extension.swift */,
				8D029B79263EA15E00D600DF /* URL+Extension.swift */,
			);
			path = Utils;
			sourceTree = "<group>";
		};
		8D320EDE263E631F00B0E0E9 = {
			isa = PBXGroup;
			children = (
				8D320EE9263E631F00B0E0E9 /* HouseMarket */,
				8D3BC312263E6F6100691327 /* HouseMarketUnitTests */,
				8D320EE8263E631F00B0E0E9 /* Products */,
			);
			sourceTree = "<group>";
		};
		8D320EE8263E631F00B0E0E9 /* Products */ = {
			isa = PBXGroup;
			children = (
				8D320EE7263E631F00B0E0E9 /* HouseMarket.app */,
				8D3BC311263E6F6100691327 /* HouseMarketUnitTests.xctest */,
			);
			name = Products;
			sourceTree = "<group>";
		};
		8D320EE9263E631F00B0E0E9 /* HouseMarket */ = {
			isa = PBXGroup;
			children = (
				8D320F02263E639800B0E0E9 /* Sources */,
				8D320EF3263E631F00B0E0E9 /* Assets.xcassets */,
				8D320EF5263E631F00B0E0E9 /* LaunchScreen.storyboard */,
				8D320EF8263E631F00B0E0E9 /* Info.plist */,
			);
			path = HouseMarket;
			sourceTree = "<group>";
		};
		8D320F02263E639800B0E0E9 /* Sources */ = {
			isa = PBXGroup;
			children = (
				8D320EEA263E631F00B0E0E9 /* AppDelegate.swift */,
				8D097EE1263E725200DF27FA /* Views */,
				8D097EFB263E832F00DF27FA /* Utils */,
				8D3BC304263E69BF00691327 /* DesignSystem */,
				8D320F03263E63A000B0E0E9 /* Modules */,
				8D029B5F263E96C300D600DF /* Services */,
			);
			path = Sources;
			sourceTree = "<group>";
		};
		8D320F03263E63A000B0E0E9 /* Modules */ = {
			isa = PBXGroup;
			children = (
				8D3BC2FF263E65D500691327 /* PropertyList */,
			);
			path = Modules;
			sourceTree = "<group>";
		};
		8D3BC2FF263E65D500691327 /* PropertyList */ = {
			isa = PBXGroup;
			children = (
				8D3BC300263E662B00691327 /* PropertyListViewController.swift */,
				8D029B4F263E916B00D600DF /* PropertyListInteractor.swift */,
				8D029B53263E91C400D600DF /* PropertyListPresenter.swift */,
				8D029B57263E921800D600DF /* PropertyListBuilder.swift */,
				8D029B5B263E92A600D600DF /* PropertyListAssembly.swift */,
				8D029B75263E9DBF00D600DF /* PropertyListModels.swift */,
			);
			path = PropertyList;
			sourceTree = "<group>";
		};
		8D3BC304263E69BF00691327 /* DesignSystem */ = {
			isa = PBXGroup;
			children = (
				8D097EF2263E791200DF27FA /* Typography */,
				8D3BC305263E69C900691327 /* Colors */,
			);
			path = DesignSystem;
			sourceTree = "<group>";
		};
		8D3BC305263E69C900691327 /* Colors */ = {
			isa = PBXGroup;
			children = (
				8D3BC306263E69DC00691327 /* DesignColor.swift */,
				8D3BC309263E6AD000691327 /* UIKit+DesignColor.swift */,
			);
			path = Colors;
			sourceTree = "<group>";
		};
		8D3BC312263E6F6100691327 /* HouseMarketUnitTests */ = {
			isa = PBXGroup;
			children = (
				8D3BC313263E6F6100691327 /* DesignColorsUnitTests.swift */,
				8D3BC315263E6F6100691327 /* Info.plist */,
			);
			path = HouseMarketUnitTests;
			sourceTree = "<group>";
		};
/* End PBXGroup section */

/* Begin PBXNativeTarget section */
		8D320EE6263E631F00B0E0E9 /* HouseMarket */ = {
			isa = PBXNativeTarget;
			buildConfigurationList = 8D320EFB263E631F00B0E0E9 /* Build configuration list for PBXNativeTarget "HouseMarket" */;
			buildPhases = (
				8D320EE3263E631F00B0E0E9 /* Sources */,
				8D320EE4263E631F00B0E0E9 /* Frameworks */,
				8D320EE5263E631F00B0E0E9 /* Resources */,
			);
			buildRules = (
			);
			dependencies = (
			);
			name = HouseMarket;
			packageProductDependencies = (
				8D097F0F263E8DC000DF27FA /* Kingfisher */,
				8D029B4B263E913E00D600DF /* Swinject */,
			);
			productName = HouseMarket;
			productReference = 8D320EE7263E631F00B0E0E9 /* HouseMarket.app */;
			productType = "com.apple.product-type.application";
		};
		8D3BC310263E6F6100691327 /* HouseMarketUnitTests */ = {
			isa = PBXNativeTarget;
			buildConfigurationList = 8D3BC318263E6F6100691327 /* Build configuration list for PBXNativeTarget "HouseMarketUnitTests" */;
			buildPhases = (
				8D3BC30D263E6F6100691327 /* Sources */,
				8D3BC30E263E6F6100691327 /* Frameworks */,
				8D3BC30F263E6F6100691327 /* Resources */,
			);
			buildRules = (
			);
			dependencies = (
				8D3BC317263E6F6100691327 /* PBXTargetDependency */,
			);
			name = HouseMarketUnitTests;
			productName = HouseMarketUnitTests;
			productReference = 8D3BC311263E6F6100691327 /* HouseMarketUnitTests.xctest */;
			productType = "com.apple.product-type.bundle.unit-test";
		};
/* End PBXNativeTarget section */

/* Begin PBXProject section */
		8D320EDF263E631F00B0E0E9 /* Project object */ = {
			isa = PBXProject;
			attributes = {
				LastSwiftUpdateCheck = 1240;
				LastUpgradeCheck = 1240;
				TargetAttributes = {
					8D320EE6263E631F00B0E0E9 = {
						CreatedOnToolsVersion = 12.4;
					};
					8D3BC310263E6F6100691327 = {
						CreatedOnToolsVersion = 12.4;
						TestTargetID = 8D320EE6263E631F00B0E0E9;
					};
				};
			};
			buildConfigurationList = 8D320EE2263E631F00B0E0E9 /* Build configuration list for PBXProject "HouseMarket" */;
			compatibilityVersion = "Xcode 9.3";
			developmentRegion = en;
			hasScannedForEncodings = 0;
			knownRegions = (
				en,
				Base,
			);
			mainGroup = 8D320EDE263E631F00B0E0E9;
			packageReferences = (
				8D097F0E263E8DC000DF27FA /* XCRemoteSwiftPackageReference "Kingfisher" */,
				8D029B4A263E913E00D600DF /* XCRemoteSwiftPackageReference "Swinject" */,
			);
			productRefGroup = 8D320EE8263E631F00B0E0E9 /* Products */;
			projectDirPath = "";
			projectRoot = "";
			targets = (
				8D320EE6263E631F00B0E0E9 /* HouseMarket */,
				8D3BC310263E6F6100691327 /* HouseMarketUnitTests */,
			);
		};
/* End PBXProject section */

/* Begin PBXResourcesBuildPhase section */
		8D320EE5263E631F00B0E0E9 /* Resources */ = {
			isa = PBXResourcesBuildPhase;
			buildActionMask = 2147483647;
			files = (
				8D320EF7263E631F00B0E0E9 /* LaunchScreen.storyboard in Resources */,
				8D320EF4263E631F00B0E0E9 /* Assets.xcassets in Resources */,
				8D029B72263E9B5600D600DF /* PropertySearch.json in Resources */,
			);
			runOnlyForDeploymentPostprocessing = 0;
		};
		8D3BC30F263E6F6100691327 /* Resources */ = {
			isa = PBXResourcesBuildPhase;
			buildActionMask = 2147483647;
			files = (
				8D097EDE263E708600DF27FA /* Assets.xcassets in Resources */,
			);
			runOnlyForDeploymentPostprocessing = 0;
		};
/* End PBXResourcesBuildPhase section */

/* Begin PBXSourcesBuildPhase section */
		8D320EE3263E631F00B0E0E9 /* Sources */ = {
			isa = PBXSourcesBuildPhase;
			buildActionMask = 2147483647;
			files = (
				8D029B5C263E92A600D600DF /* PropertyListAssembly.swift in Sources */,
				8D097F07263E871500DF27FA /* MunicipalityView.swift in Sources */,
				8D029B6A263E976900D600DF /* PropertySearchAssembly.swift in Sources */,
				8D3BC30A263E6AD000691327 /* UIKit+DesignColor.swift in Sources */,
				8D097EFD263E833C00DF27FA /* Array+Extension.swift in Sources */,
				8D097EF8263E79E700DF27FA /* UIKit+DesignText.swift in Sources */,
				8D029B76263E9DBF00D600DF /* PropertyListModels.swift in Sources */,
				8D029B61263E974600D600DF /* PropertySearchService.swift in Sources */,
				8D029B50263E916B00D600DF /* PropertyListInteractor.swift in Sources */,
				8D097EF4263E792D00DF27FA /* DesignText.swift in Sources */,
				8D3BC307263E69DC00691327 /* DesignColor.swift in Sources */,
				8D029B7A263EA15E00D600DF /* URL+Extension.swift in Sources */,
				8D029B54263E91C400D600DF /* PropertyListPresenter.swift in Sources */,
				8D320EEB263E631F00B0E0E9 /* AppDelegate.swift in Sources */,
				8D097EED263E75FC00DF27FA /* PropertyView.swift in Sources */,
				8D3BC301263E662B00691327 /* PropertyListViewController.swift in Sources */,
				8D097EE3263E725F00DF27FA /* CollectionCell.swift in Sources */,
				8D029B6E263E979300D600DF /* PropertySearchModels.swift in Sources */,
				8D029B58263E921800D600DF /* PropertyListBuilder.swift in Sources */,
			);
			runOnlyForDeploymentPostprocessing = 0;
		};
		8D3BC30D263E6F6100691327 /* Sources */ = {
			isa = PBXSourcesBuildPhase;
			buildActionMask = 2147483647;
			files = (
				8D3BC314263E6F6100691327 /* DesignColorsUnitTests.swift in Sources */,
			);
			runOnlyForDeploymentPostprocessing = 0;
		};
/* End PBXSourcesBuildPhase section */

/* Begin PBXTargetDependency section */
		8D3BC317263E6F6100691327 /* PBXTargetDependency */ = {
			isa = PBXTargetDependency;
			target = 8D320EE6263E631F00B0E0E9 /* HouseMarket */;
			targetProxy = 8D3BC316263E6F6100691327 /* PBXContainerItemProxy */;
		};
/* End PBXTargetDependency section */

/* Begin PBXVariantGroup section */
		8D320EF5263E631F00B0E0E9 /* LaunchScreen.storyboard */ = {
			isa = PBXVariantGroup;
			children = (
				8D320EF6263E631F00B0E0E9 /* Base */,
			);
			name = LaunchScreen.storyboard;
			sourceTree = "<group>";
		};
/* End PBXVariantGroup section */

/* Begin XCBuildConfiguration section */
		8D320EF9263E631F00B0E0E9 /* Debug */ = {
			isa = XCBuildConfiguration;
			buildSettings = {
				ALWAYS_SEARCH_USER_PATHS = NO;
				CLANG_ANALYZER_NONNULL = YES;
				CLANG_ANALYZER_NUMBER_OBJECT_CONVERSION = YES_AGGRESSIVE;
				CLANG_CXX_LANGUAGE_STANDARD = "gnu++14";
				CLANG_CXX_LIBRARY = "libc++";
				CLANG_ENABLE_MODULES = YES;
				CLANG_ENABLE_OBJC_ARC = YES;
				CLANG_ENABLE_OBJC_WEAK = YES;
				CLANG_WARN_BLOCK_CAPTURE_AUTORELEASING = YES;
				CLANG_WARN_BOOL_CONVERSION = YES;
				CLANG_WARN_COMMA = YES;
				CLANG_WARN_CONSTANT_CONVERSION = YES;
				CLANG_WARN_DEPRECATED_OBJC_IMPLEMENTATIONS = YES;
				CLANG_WARN_DIRECT_OBJC_ISA_USAGE = YES_ERROR;
				CLANG_WARN_DOCUMENTATION_COMMENTS = YES;
				CLANG_WARN_EMPTY_BODY = YES;
				CLANG_WARN_ENUM_CONVERSION = YES;
				CLANG_WARN_INFINITE_RECURSION = YES;
				CLANG_WARN_INT_CONVERSION = YES;
				CLANG_WARN_NON_LITERAL_NULL_CONVERSION = YES;
				CLANG_WARN_OBJC_IMPLICIT_RETAIN_SELF = YES;
				CLANG_WARN_OBJC_LITERAL_CONVERSION = YES;
				CLANG_WARN_OBJC_ROOT_CLASS = YES_ERROR;
				CLANG_WARN_QUOTED_INCLUDE_IN_FRAMEWORK_HEADER = YES;
				CLANG_WARN_RANGE_LOOP_ANALYSIS = YES;
				CLANG_WARN_STRICT_PROTOTYPES = YES;
				CLANG_WARN_SUSPICIOUS_MOVE = YES;
				CLANG_WARN_UNGUARDED_AVAILABILITY = YES_AGGRESSIVE;
				CLANG_WARN_UNREACHABLE_CODE = YES;
				CLANG_WARN__DUPLICATE_METHOD_MATCH = YES;
				COPY_PHASE_STRIP = NO;
				DEBUG_INFORMATION_FORMAT = dwarf;
				ENABLE_STRICT_OBJC_MSGSEND = YES;
				ENABLE_TESTABILITY = YES;
				GCC_C_LANGUAGE_STANDARD = gnu11;
				GCC_DYNAMIC_NO_PIC = NO;
				GCC_NO_COMMON_BLOCKS = YES;
				GCC_OPTIMIZATION_LEVEL = 0;
				GCC_PREPROCESSOR_DEFINITIONS = (
					"DEBUG=1",
					"$(inherited)",
				);
				GCC_WARN_64_TO_32_BIT_CONVERSION = YES;
				GCC_WARN_ABOUT_RETURN_TYPE = YES_ERROR;
				GCC_WARN_UNDECLARED_SELECTOR = YES;
				GCC_WARN_UNINITIALIZED_AUTOS = YES_AGGRESSIVE;
				GCC_WARN_UNUSED_FUNCTION = YES;
				GCC_WARN_UNUSED_VARIABLE = YES;
				IPHONEOS_DEPLOYMENT_TARGET = 14.4;
				MTL_ENABLE_DEBUG_INFO = INCLUDE_SOURCE;
				MTL_FAST_MATH = YES;
				ONLY_ACTIVE_ARCH = YES;
				SDKROOT = iphoneos;
				SWIFT_ACTIVE_COMPILATION_CONDITIONS = DEBUG;
				SWIFT_OPTIMIZATION_LEVEL = "-Onone";
			};
			name = Debug;
		};
		8D320EFA263E631F00B0E0E9 /* Release */ = {
			isa = XCBuildConfiguration;
			buildSettings = {
				ALWAYS_SEARCH_USER_PATHS = NO;
				CLANG_ANALYZER_NONNULL = YES;
				CLANG_ANALYZER_NUMBER_OBJECT_CONVERSION = YES_AGGRESSIVE;
				CLANG_CXX_LANGUAGE_STANDARD = "gnu++14";
				CLANG_CXX_LIBRARY = "libc++";
				CLANG_ENABLE_MODULES = YES;
				CLANG_ENABLE_OBJC_ARC = YES;
				CLANG_ENABLE_OBJC_WEAK = YES;
				CLANG_WARN_BLOCK_CAPTURE_AUTORELEASING = YES;
				CLANG_WARN_BOOL_CONVERSION = YES;
				CLANG_WARN_COMMA = YES;
				CLANG_WARN_CONSTANT_CONVERSION = YES;
				CLANG_WARN_DEPRECATED_OBJC_IMPLEMENTATIONS = YES;
				CLANG_WARN_DIRECT_OBJC_ISA_USAGE = YES_ERROR;
				CLANG_WARN_DOCUMENTATION_COMMENTS = YES;
				CLANG_WARN_EMPTY_BODY = YES;
				CLANG_WARN_ENUM_CONVERSION = YES;
				CLANG_WARN_INFINITE_RECURSION = YES;
				CLANG_WARN_INT_CONVERSION = YES;
				CLANG_WARN_NON_LITERAL_NULL_CONVERSION = YES;
				CLANG_WARN_OBJC_IMPLICIT_RETAIN_SELF = YES;
				CLANG_WARN_OBJC_LITERAL_CONVERSION = YES;
				CLANG_WARN_OBJC_ROOT_CLASS = YES_ERROR;
				CLANG_WARN_QUOTED_INCLUDE_IN_FRAMEWORK_HEADER = YES;
				CLANG_WARN_RANGE_LOOP_ANALYSIS = YES;
				CLANG_WARN_STRICT_PROTOTYPES = YES;
				CLANG_WARN_SUSPICIOUS_MOVE = YES;
				CLANG_WARN_UNGUARDED_AVAILABILITY = YES_AGGRESSIVE;
				CLANG_WARN_UNREACHABLE_CODE = YES;
				CLANG_WARN__DUPLICATE_METHOD_MATCH = YES;
				COPY_PHASE_STRIP = NO;
				DEBUG_INFORMATION_FORMAT = "dwarf-with-dsym";
				ENABLE_NS_ASSERTIONS = NO;
				ENABLE_STRICT_OBJC_MSGSEND = YES;
				GCC_C_LANGUAGE_STANDARD = gnu11;
				GCC_NO_COMMON_BLOCKS = YES;
				GCC_WARN_64_TO_32_BIT_CONVERSION = YES;
				GCC_WARN_ABOUT_RETURN_TYPE = YES_ERROR;
				GCC_WARN_UNDECLARED_SELECTOR = YES;
				GCC_WARN_UNINITIALIZED_AUTOS = YES_AGGRESSIVE;
				GCC_WARN_UNUSED_FUNCTION = YES;
				GCC_WARN_UNUSED_VARIABLE = YES;
				IPHONEOS_DEPLOYMENT_TARGET = 14.4;
				MTL_ENABLE_DEBUG_INFO = NO;
				MTL_FAST_MATH = YES;
				SDKROOT = iphoneos;
				SWIFT_COMPILATION_MODE = wholemodule;
				SWIFT_OPTIMIZATION_LEVEL = "-O";
				VALIDATE_PRODUCT = YES;
			};
			name = Release;
		};
		8D320EFC263E631F00B0E0E9 /* Debug */ = {
			isa = XCBuildConfiguration;
			buildSettings = {
				ASSETCATALOG_COMPILER_APPICON_NAME = AppIcon;
				ASSETCATALOG_COMPILER_GLOBAL_ACCENT_COLOR_NAME = AccentColor;
				CODE_SIGN_STYLE = Automatic;
				INFOPLIST_FILE = HouseMarket/Info.plist;
				IPHONEOS_DEPLOYMENT_TARGET = 11.0;
				LD_RUNPATH_SEARCH_PATHS = (
					"$(inherited)",
					"@executable_path/Frameworks",
				);
				PRODUCT_BUNDLE_IDENTIFIER = Sahey.HouseMarket;
				PRODUCT_NAME = "$(TARGET_NAME)";
				SWIFT_VERSION = 5.0;
				TARGETED_DEVICE_FAMILY = "1,2";
			};
			name = Debug;
		};
		8D320EFD263E631F00B0E0E9 /* Release */ = {
			isa = XCBuildConfiguration;
			buildSettings = {
				ASSETCATALOG_COMPILER_APPICON_NAME = AppIcon;
				ASSETCATALOG_COMPILER_GLOBAL_ACCENT_COLOR_NAME = AccentColor;
				CODE_SIGN_STYLE = Automatic;
				INFOPLIST_FILE = HouseMarket/Info.plist;
				IPHONEOS_DEPLOYMENT_TARGET = 11.0;
				LD_RUNPATH_SEARCH_PATHS = (
					"$(inherited)",
					"@executable_path/Frameworks",
				);
				PRODUCT_BUNDLE_IDENTIFIER = Sahey.HouseMarket;
				PRODUCT_NAME = "$(TARGET_NAME)";
				SWIFT_VERSION = 5.0;
				TARGETED_DEVICE_FAMILY = "1,2";
			};
			name = Release;
		};
		8D3BC319263E6F6100691327 /* Debug */ = {
			isa = XCBuildConfiguration;
			buildSettings = {
				BUNDLE_LOADER = "$(TEST_HOST)";
				CODE_SIGN_STYLE = Automatic;
				INFOPLIST_FILE = HouseMarketUnitTests/Info.plist;
				LD_RUNPATH_SEARCH_PATHS = (
					"$(inherited)",
					"@executable_path/Frameworks",
					"@loader_path/Frameworks",
				);
				PRODUCT_BUNDLE_IDENTIFIER = Sahey.HouseMarketUnitTests;
				PRODUCT_NAME = "$(TARGET_NAME)";
				SWIFT_VERSION = 5.0;
				TARGETED_DEVICE_FAMILY = "1,2";
				TEST_HOST = "$(BUILT_PRODUCTS_DIR)/HouseMarket.app/HouseMarket";
			};
			name = Debug;
		};
		8D3BC31A263E6F6100691327 /* Release */ = {
			isa = XCBuildConfiguration;
			buildSettings = {
				BUNDLE_LOADER = "$(TEST_HOST)";
				CODE_SIGN_STYLE = Automatic;
				INFOPLIST_FILE = HouseMarketUnitTests/Info.plist;
				LD_RUNPATH_SEARCH_PATHS = (
					"$(inherited)",
					"@executable_path/Frameworks",
					"@loader_path/Frameworks",
				);
				PRODUCT_BUNDLE_IDENTIFIER = Sahey.HouseMarketUnitTests;
				PRODUCT_NAME = "$(TARGET_NAME)";
				SWIFT_VERSION = 5.0;
				TARGETED_DEVICE_FAMILY = "1,2";
				TEST_HOST = "$(BUILT_PRODUCTS_DIR)/HouseMarket.app/HouseMarket";
			};
			name = Release;
		};
/* End XCBuildConfiguration section */

/* Begin XCConfigurationList section */
		8D320EE2263E631F00B0E0E9 /* Build configuration list for PBXProject "HouseMarket" */ = {
			isa = XCConfigurationList;
			buildConfigurations = (
				8D320EF9263E631F00B0E0E9 /* Debug */,
				8D320EFA263E631F00B0E0E9 /* Release */,
			);
			defaultConfigurationIsVisible = 0;
			defaultConfigurationName = Release;
		};
		8D320EFB263E631F00B0E0E9 /* Build configuration list for PBXNativeTarget "HouseMarket" */ = {
			isa = XCConfigurationList;
			buildConfigurations = (
				8D320EFC263E631F00B0E0E9 /* Debug */,
				8D320EFD263E631F00B0E0E9 /* Release */,
			);
			defaultConfigurationIsVisible = 0;
			defaultConfigurationName = Release;
		};
		8D3BC318263E6F6100691327 /* Build configuration list for PBXNativeTarget "HouseMarketUnitTests" */ = {
			isa = XCConfigurationList;
			buildConfigurations = (
				8D3BC319263E6F6100691327 /* Debug */,
				8D3BC31A263E6F6100691327 /* Release */,
			);
			defaultConfigurationIsVisible = 0;
			defaultConfigurationName = Release;
		};
/* End XCConfigurationList section */

/* Begin XCRemoteSwiftPackageReference section */
		8D029B4A263E913E00D600DF /* XCRemoteSwiftPackageReference "Swinject" */ = {
			isa = XCRemoteSwiftPackageReference;
			repositoryURL = "https://github.com/Swinject/Swinject.git";
			requirement = {
				kind = upToNextMajorVersion;
				minimumVersion = 2.7.1;
			};
		};
		8D097F0E263E8DC000DF27FA /* XCRemoteSwiftPackageReference "Kingfisher" */ = {
			isa = XCRemoteSwiftPackageReference;
			repositoryURL = "https://github.com/onevcat/Kingfisher.git";
			requirement = {
				kind = upToNextMajorVersion;
				minimumVersion = 6.3.0;
			};
		};
/* End XCRemoteSwiftPackageReference section */

/* Begin XCSwiftPackageProductDependency section */
		8D029B4B263E913E00D600DF /* Swinject */ = {
			isa = XCSwiftPackageProductDependency;
			package = 8D029B4A263E913E00D600DF /* XCRemoteSwiftPackageReference "Swinject" */;
			productName = Swinject;
		};
		8D097F0F263E8DC000DF27FA /* Kingfisher */ = {
			isa = XCSwiftPackageProductDependency;
			package = 8D097F0E263E8DC000DF27FA /* XCRemoteSwiftPackageReference "Kingfisher" */;
			productName = Kingfisher;
		};
/* End XCSwiftPackageProductDependency section */
	};
	rootObject = 8D320EDF263E631F00B0E0E9 /* Project object */;
}
